
Microsoft Visual Studio Solution File, Format Version 12.00
# Visual Studio 15
VisualStudioVersion = 15.0.28307.1684
MinimumVisualStudioVersion = 10.0.40219.1
Project("{8BC9CEB8-8B4A-11D0-8D11-00A0C91BC942}") = "p.3", "p.3\p.3.vcxproj", "{72C2542D-7982-4EDB-8934-E50AC7D54084}"
EndProject
Global
	GlobalSection(SolutionConfigurationPlatforms) = preSolution
		Debug|x64 = Debug|x64
		Debug|x86 = Debug|x86
		Release|x64 = Release|x64
		Release|x86 = Release|x86
	EndGlobalSection
	GlobalSection(ProjectConfigurationPlatforms) = postSolution
		{72C2542D-7982-4EDB-8934-E50AC7D54084}.Debug|x64.ActiveCfg = Debug|x64
		{72C2542D-7982-4EDB-8934-E50AC7D54084}.Debug|x64.Build.0 = Debug|x64
		{72C2542D-7982-4EDB-8934-E50AC7D54084}.Debug|x86.ActiveCfg = Debug|Win32
		{72C2542D-7982-4EDB-8934-E50AC7D54084}.Debug|x86.Build.0 = Debug|Win32
		{72C2542D-7982-4EDB-8934-E50AC7D54084}.Release|x64.ActiveCfg = Release|x64
		{72C2542D-7982-4EDB-8934-E50AC7D54084}.Release|x64.Build.0 = Release|x64
		{72C2542D-7982-4EDB-8934-E50AC7D54084}.Release|x86.ActiveCfg = Release|Win32
		{72C2542D-7982-4EDB-8934-E50AC7D54084}.Release|x86.Build.0 = Release|Win32
	EndGlobalSection
	GlobalSection(SolutionProperties) = preSolution
		HideSolutionNode = FALSE
	EndGlobalSection
	GlobalSection(ExtensibilityGlobals) = postSolution
		SolutionGuid = {2AC9B1CF-29C2-4A18-BE85-3FF7D9751A98}
	EndGlobalSection
EndGlobal
